
Microsoft Visual Studio Solution File, Format Version 12.00
# Visual Studio 15
VisualStudioVersion = 15.0.28307.645
MinimumVisualStudioVersion = 10.0.40219.1
Project("{9A19103F-16F7-4668-BE54-9A1E7A4F7556}") = "MarsRover", "MarsRover\MarsRover.csproj", "{4282E221-F6CE-4446-AC99-672AB7F01321}"
EndProject
Global
	GlobalSection(SolutionConfigurationPlatforms) = preSolution
		Debug|Any CPU = Debug|Any CPU
		Release|Any CPU = Release|Any CPU
	EndGlobalSection
	GlobalSection(ProjectConfigurationPlatforms) = postSolution
		{4282E221-F6CE-4446-AC99-672AB7F01321}.Debug|Any CPU.ActiveCfg = Debug|Any CPU
		{4282E221-F6CE-4446-AC99-672AB7F01321}.Debug|Any CPU.Build.0 = Debug|Any CPU
		{4282E221-F6CE-4446-AC99-672AB7F01321}.Release|Any CPU.ActiveCfg = Release|Any CPU
		{4282E221-F6CE-4446-AC99-672AB7F01321}.Release|Any CPU.Build.0 = Release|Any CPU
	EndGlobalSection
	GlobalSection(SolutionProperties) = preSolution
		HideSolutionNode = FALSE
	EndGlobalSection
	GlobalSection(ExtensibilityGlobals) = postSolution
		SolutionGuid = {1DBB95DB-A835-4342-9802-B69559DE6C1D}
	EndGlobalSection
EndGlobal
